// !$*UTF8*$!
{
	archiveVersion = 1;
	classes = {
	};
	objectVersion = 50;
	objects = {

/* Begin PBXBuildFile section */
		49A61783261C6DE3006BCD4F /* ImageViewController.swift in Sources */ = {isa = PBXBuildFile; fileRef = 49A61782261C6DE3006BCD4F /* ImageViewController.swift */; };
		49F4EE362619EADD00EFEBDE /* AppDelegate.swift in Sources */ = {isa = PBXBuildFile; fileRef = 49F4EE352619EADD00EFEBDE /* AppDelegate.swift */; };
		49F4EE382619EADD00EFEBDE /* SceneDelegate.swift in Sources */ = {isa = PBXBuildFile; fileRef = 49F4EE372619EADD00EFEBDE /* SceneDelegate.swift */; };
		49F4EE3A2619EADD00EFEBDE /* ViewController.swift in Sources */ = {isa = PBXBuildFile; fileRef = 49F4EE392619EADD00EFEBDE /* ViewController.swift */; };
		49F4EE3D2619EADD00EFEBDE /* Main.storyboard in Resources */ = {isa = PBXBuildFile; fileRef = 49F4EE3B2619EADD00EFEBDE /* Main.storyboard */; };
		49F4EE3F2619EADF00EFEBDE /* Assets.xcassets in Resources */ = {isa = PBXBuildFile; fileRef = 49F4EE3E2619EADF00EFEBDE /* Assets.xcassets */; };
		49F4EE422619EADF00EFEBDE /* LaunchScreen.storyboard in Resources */ = {isa = PBXBuildFile; fileRef = 49F4EE402619EADF00EFEBDE /* LaunchScreen.storyboard */; };
		49F4EE532619F02700EFEBDE /* WelcomeViewController.swift in Sources */ = {isa = PBXBuildFile; fileRef = 49F4EE522619F02700EFEBDE /* WelcomeViewController.swift */; };
		49F4EE562619F06B00EFEBDE /* InfoViewController.swift in Sources */ = {isa = PBXBuildFile; fileRef = 49F4EE552619F06B00EFEBDE /* InfoViewController.swift */; };
		49F4EE592619F07B00EFEBDE /* MoreInfoViewController.swift in Sources */ = {isa = PBXBuildFile; fileRef = 49F4EE582619F07B00EFEBDE /* MoreInfoViewController.swift */; };
		49F4EE5C261A079500EFEBDE /* Information.swift in Sources */ = {isa = PBXBuildFile; fileRef = 49F4EE5B261A079500EFEBDE /* Information.swift */; };
		49F4EE60261A216000EFEBDE /* TabBarController.swift in Sources */ = {isa = PBXBuildFile; fileRef = 49F4EE5F261A216000EFEBDE /* TabBarController.swift */; };
/* End PBXBuildFile section */

/* Begin PBXFileReference section */
		49A61782261C6DE3006BCD4F /* ImageViewController.swift */ = {isa = PBXFileReference; lastKnownFileType = sourcecode.swift; path = ImageViewController.swift; sourceTree = "<group>"; };
		49F4EE322619EADD00EFEBDE /* HomeWork 2.4.app */ = {isa = PBXFileReference; explicitFileType = wrapper.application; includeInIndex = 0; path = "HomeWork 2.4.app"; sourceTree = BUILT_PRODUCTS_DIR; };
		49F4EE352619EADD00EFEBDE /* AppDelegate.swift */ = {isa = PBXFileReference; lastKnownFileType = sourcecode.swift; path = AppDelegate.swift; sourceTree = "<group>"; };
		49F4EE372619EADD00EFEBDE /* SceneDelegate.swift */ = {isa = PBXFileReference; lastKnownFileType = sourcecode.swift; path = SceneDelegate.swift; sourceTree = "<group>"; };
		49F4EE392619EADD00EFEBDE /* ViewController.swift */ = {isa = PBXFileReference; lastKnownFileType = sourcecode.swift; path = ViewController.swift; sourceTree = "<group>"; };
		49F4EE3C2619EADD00EFEBDE /* Base */ = {isa = PBXFileReference; lastKnownFileType = file.storyboard; name = Base; path = Base.lproj/Main.storyboard; sourceTree = "<group>"; };
		49F4EE3E2619EADF00EFEBDE /* Assets.xcassets */ = {isa = PBXFileReference; lastKnownFileType = folder.assetcatalog; path = Assets.xcassets; sourceTree = "<group>"; };
		49F4EE412619EADF00EFEBDE /* Base */ = {isa = PBXFileReference; lastKnownFileType = file.storyboard; name = Base; path = Base.lproj/LaunchScreen.storyboard; sourceTree = "<group>"; };
		49F4EE432619EADF00EFEBDE /* Info.plist */ = {isa = PBXFileReference; lastKnownFileType = text.plist.xml; path = Info.plist; sourceTree = "<group>"; };
		49F4EE522619F02700EFEBDE /* WelcomeViewController.swift */ = {isa = PBXFileReference; lastKnownFileType = sourcecode.swift; path = WelcomeViewController.swift; sourceTree = "<group>"; };
		49F4EE552619F06B00EFEBDE /* InfoViewController.swift */ = {isa = PBXFileReference; lastKnownFileType = sourcecode.swift; path = InfoViewController.swift; sourceTree = "<group>"; };
		49F4EE582619F07B00EFEBDE /* MoreInfoViewController.swift */ = {isa = PBXFileReference; lastKnownFileType = sourcecode.swift; path = MoreInfoViewController.swift; sourceTree = "<group>"; };
		49F4EE5B261A079500EFEBDE /* Information.swift */ = {isa = PBXFileReference; lastKnownFileType = sourcecode.swift; path = Information.swift; sourceTree = "<group>"; };
		49F4EE5F261A216000EFEBDE /* TabBarController.swift */ = {isa = PBXFileReference; lastKnownFileType = sourcecode.swift; path = TabBarController.swift; sourceTree = "<group>"; };
/* End PBXFileReference section */

/* Begin PBXFrameworksBuildPhase section */
		49F4EE2F2619EADD00EFEBDE /* Frameworks */ = {
			isa = PBXFrameworksBuildPhase;
			buildActionMask = 2147483647;
			files = (
			);
			runOnlyForDeploymentPostprocessing = 0;
		};
/* End PBXFrameworksBuildPhase section */

/* Begin PBXGroup section */
		49F4EE292619EADD00EFEBDE = {
			isa = PBXGroup;
			children = (
				49F4EE342619EADD00EFEBDE /* LoginApp */,
				49F4EE332619EADD00EFEBDE /* Products */,
			);
			sourceTree = "<group>";
		};
		49F4EE332619EADD00EFEBDE /* Products */ = {
			isa = PBXGroup;
			children = (
				49F4EE322619EADD00EFEBDE /* HomeWork 2.4.app */,
			);
			name = Products;
			sourceTree = "<group>";
		};
		49F4EE342619EADD00EFEBDE /* LoginApp */ = {
			isa = PBXGroup;
			children = (
				49F4EE4A2619EAEC00EFEBDE /* ViewControllers */,
				49F4EE502619EB5F00EFEBDE /* Models */,
				49F4EE4C2619EAFB00EFEBDE /* Storyboards */,
				49F4EE4F2619EB3E00EFEBDE /* Resources */,
				49F4EE4D2619EB0D00EFEBDE /* Supporting */,
			);
			path = LoginApp;
			sourceTree = "<group>";
		};
		49F4EE4A2619EAEC00EFEBDE /* ViewControllers */ = {
			isa = PBXGroup;
			children = (
				49F4EE392619EADD00EFEBDE /* ViewController.swift */,
				49F4EE5F261A216000EFEBDE /* TabBarController.swift */,
				49A61782261C6DE3006BCD4F /* ImageViewController.swift */,
				49F4EE522619F02700EFEBDE /* WelcomeViewController.swift */,
				49F4EE582619F07B00EFEBDE /* MoreInfoViewController.swift */,
				49F4EE552619F06B00EFEBDE /* InfoViewController.swift */,
			);
			path = ViewControllers;
			sourceTree = "<group>";
		};
		49F4EE4C2619EAFB00EFEBDE /* Storyboards */ = {
			isa = PBXGroup;
			children = (
				49F4EE3B2619EADD00EFEBDE /* Main.storyboard */,
				49F4EE402619EADF00EFEBDE /* LaunchScreen.storyboard */,
			);
			path = Storyboards;
			sourceTree = "<group>";
		};
		49F4EE4D2619EB0D00EFEBDE /* Supporting */ = {
			isa = PBXGroup;
			children = (
				49F4EE352619EADD00EFEBDE /* AppDelegate.swift */,
				49F4EE372619EADD00EFEBDE /* SceneDelegate.swift */,
				49F4EE432619EADF00EFEBDE /* Info.plist */,
			);
			path = Supporting;
			sourceTree = "<group>";
		};
		49F4EE4F2619EB3E00EFEBDE /* Resources */ = {
			isa = PBXGroup;
			children = (
				49F4EE3E2619EADF00EFEBDE /* Assets.xcassets */,
			);
			path = Resources;
			sourceTree = "<group>";
		};
		49F4EE502619EB5F00EFEBDE /* Models */ = {
			isa = PBXGroup;
			children = (
				49F4EE5B261A079500EFEBDE /* Information.swift */,
			);
			path = Models;
			sourceTree = "<group>";
		};
/* End PBXGroup section */

/* Begin PBXNativeTarget section */
		49F4EE312619EADD00EFEBDE /* HomeWork 2.4 */ = {
			isa = PBXNativeTarget;
			buildConfigurationList = 49F4EE462619EADF00EFEBDE /* Build configuration list for PBXNativeTarget "HomeWork 2.4" */;
			buildPhases = (
				49F4EE2E2619EADD00EFEBDE /* Sources */,
				49F4EE2F2619EADD00EFEBDE /* Frameworks */,
				49F4EE302619EADD00EFEBDE /* Resources */,
			);
			buildRules = (
			);
			dependencies = (
			);
			name = "HomeWork 2.4";
			productName = "HomeWork 2.4";
			productReference = 49F4EE322619EADD00EFEBDE /* HomeWork 2.4.app */;
			productType = "com.apple.product-type.application";
		};
/* End PBXNativeTarget section */

/* Begin PBXProject section */
		49F4EE2A2619EADD00EFEBDE /* Project object */ = {
			isa = PBXProject;
			attributes = {
				LastSwiftUpdateCheck = 1240;
				LastUpgradeCheck = 1240;
				TargetAttributes = {
					49F4EE312619EADD00EFEBDE = {
						CreatedOnToolsVersion = 12.4;
					};
				};
			};
			buildConfigurationList = 49F4EE2D2619EADD00EFEBDE /* Build configuration list for PBXProject "LoginApp" */;
			compatibilityVersion = "Xcode 9.3";
			developmentRegion = en;
			hasScannedForEncodings = 0;
			knownRegions = (
				en,
				Base,
			);
			mainGroup = 49F4EE292619EADD00EFEBDE;
			productRefGroup = 49F4EE332619EADD00EFEBDE /* Products */;
			projectDirPath = "";
			projectRoot = "";
			targets = (
				49F4EE312619EADD00EFEBDE /* HomeWork 2.4 */,
			);
		};
/* End PBXProject section */

/* Begin PBXResourcesBuildPhase section */
		49F4EE302619EADD00EFEBDE /* Resources */ = {
			isa = PBXResourcesBuildPhase;
			buildActionMask = 2147483647;
			files = (
				49F4EE422619EADF00EFEBDE /* LaunchScreen.storyboard in Resources */,
				49F4EE3F2619EADF00EFEBDE /* Assets.xcassets in Resources */,
				49F4EE3D2619EADD00EFEBDE /* Main.storyboard in Resources */,
			);
			runOnlyForDeploymentPostprocessing = 0;
		};
/* End PBXResourcesBuildPhase section */

/* Begin PBXSourcesBuildPhase section */
		49F4EE2E2619EADD00EFEBDE /* Sources */ = {
			isa = PBXSourcesBuildPhase;
			buildActionMask = 2147483647;
			files = (
				49F4EE3A2619EADD00EFEBDE /* ViewController.swift in Sources */,
				49A61783261C6DE3006BCD4F /* ImageViewController.swift in Sources */,
				49F4EE60261A216000EFEBDE /* TabBarController.swift in Sources */,
				49F4EE5C261A079500EFEBDE /* Information.swift in Sources */,
				49F4EE532619F02700EFEBDE /* WelcomeViewController.swift in Sources */,
				49F4EE362619EADD00EFEBDE /* AppDelegate.swift in Sources */,
				49F4EE592619F07B00EFEBDE /* MoreInfoViewController.swift in Sources */,
				49F4EE382619EADD00EFEBDE /* SceneDelegate.swift in Sources */,
				49F4EE562619F06B00EFEBDE /* InfoViewController.swift in Sources */,
			);
			runOnlyForDeploymentPostprocessing = 0;
		};
/* End PBXSourcesBuildPhase section */

/* Begin PBXVariantGroup section */
		49F4EE3B2619EADD00EFEBDE /* Main.storyboard */ = {
			isa = PBXVariantGroup;
			children = (
				49F4EE3C2619EADD00EFEBDE /* Base */,
			);
			name = Main.storyboard;
			sourceTree = "<group>";
		};
		49F4EE402619EADF00EFEBDE /* LaunchScreen.storyboard */ = {
			isa = PBXVariantGroup;
			children = (
				49F4EE412619EADF00EFEBDE /* Base */,
			);
			name = LaunchScreen.storyboard;
			sourceTree = "<group>";
		};
/* End PBXVariantGroup section */

/* Begin XCBuildConfiguration section */
		49F4EE442619EADF00EFEBDE /* Debug */ = {
			isa = XCBuildConfiguration;
			buildSettings = {
				ALWAYS_SEARCH_USER_PATHS = NO;
				CLANG_ANALYZER_NONNULL = YES;
				CLANG_ANALYZER_NUMBER_OBJECT_CONVERSION = YES_AGGRESSIVE;
				CLANG_CXX_LANGUAGE_STANDARD = "gnu++14";
				CLANG_CXX_LIBRARY = "libc++";
				CLANG_ENABLE_MODULES = YES;
				CLANG_ENABLE_OBJC_ARC = YES;
				CLANG_ENABLE_OBJC_WEAK = YES;
				CLANG_WARN_BLOCK_CAPTURE_AUTORELEASING = YES;
				CLANG_WARN_BOOL_CONVERSION = YES;
				CLANG_WARN_COMMA = YES;
				CLANG_WARN_CONSTANT_CONVERSION = YES;
				CLANG_WARN_DEPRECATED_OBJC_IMPLEMENTATIONS = YES;
				CLANG_WARN_DIRECT_OBJC_ISA_USAGE = YES_ERROR;
				CLANG_WARN_DOCUMENTATION_COMMENTS = YES;
				CLANG_WARN_EMPTY_BODY = YES;
				CLANG_WARN_ENUM_CONVERSION = YES;
				CLANG_WARN_INFINITE_RECURSION = YES;
				CLANG_WARN_INT_CONVERSION = YES;
				CLANG_WARN_NON_LITERAL_NULL_CONVERSION = YES;
				CLANG_WARN_OBJC_IMPLICIT_RETAIN_SELF = YES;
				CLANG_WARN_OBJC_LITERAL_CONVERSION = YES;
				CLANG_WARN_OBJC_ROOT_CLASS = YES_ERROR;
				CLANG_WARN_QUOTED_INCLUDE_IN_FRAMEWORK_HEADER = YES;
				CLANG_WARN_RANGE_LOOP_ANALYSIS = YES;
				CLANG_WARN_STRICT_PROTOTYPES = YES;
				CLANG_WARN_SUSPICIOUS_MOVE = YES;
				CLANG_WARN_UNGUARDED_AVAILABILITY = YES_AGGRESSIVE;
				CLANG_WARN_UNREACHABLE_CODE = YES;
				CLANG_WARN__DUPLICATE_METHOD_MATCH = YES;
				COPY_PHASE_STRIP = NO;
				DEBUG_INFORMATION_FORMAT = dwarf;
				ENABLE_STRICT_OBJC_MSGSEND = YES;
				ENABLE_TESTABILITY = YES;
				GCC_C_LANGUAGE_STANDARD = gnu11;
				GCC_DYNAMIC_NO_PIC = NO;
				GCC_NO_COMMON_BLOCKS = YES;
				GCC_OPTIMIZATION_LEVEL = 0;
				GCC_PREPROCESSOR_DEFINITIONS = (
					"DEBUG=1",
					"$(inherited)",
				);
				GCC_WARN_64_TO_32_BIT_CONVERSION = YES;
				GCC_WARN_ABOUT_RETURN_TYPE = YES_ERROR;
				GCC_WARN_UNDECLARED_SELECTOR = YES;
				GCC_WARN_UNINITIALIZED_AUTOS = YES_AGGRESSIVE;
				GCC_WARN_UNUSED_FUNCTION = YES;
				GCC_WARN_UNUSED_VARIABLE = YES;
				IPHONEOS_DEPLOYMENT_TARGET = 14.4;
				MTL_ENABLE_DEBUG_INFO = INCLUDE_SOURCE;
				MTL_FAST_MATH = YES;
				ONLY_ACTIVE_ARCH = YES;
				SDKROOT = iphoneos;
				SWIFT_ACTIVE_COMPILATION_CONDITIONS = DEBUG;
				SWIFT_OPTIMIZATION_LEVEL = "-Onone";
			};
			name = Debug;
		};
		49F4EE452619EADF00EFEBDE /* Release */ = {
			isa = XCBuildConfiguration;
			buildSettings = {
				ALWAYS_SEARCH_USER_PATHS = NO;
				CLANG_ANALYZER_NONNULL = YES;
				CLANG_ANALYZER_NUMBER_OBJECT_CONVERSION = YES_AGGRESSIVE;
				CLANG_CXX_LANGUAGE_STANDARD = "gnu++14";
				CLANG_CXX_LIBRARY = "libc++";
				CLANG_ENABLE_MODULES = YES;
				CLANG_ENABLE_OBJC_ARC = YES;
				CLANG_ENABLE_OBJC_WEAK = YES;
				CLANG_WARN_BLOCK_CAPTURE_AUTORELEASING = YES;
				CLANG_WARN_BOOL_CONVERSION = YES;
				CLANG_WARN_COMMA = YES;
				CLANG_WARN_CONSTANT_CONVERSION = YES;
				CLANG_WARN_DEPRECATED_OBJC_IMPLEMENTATIONS = YES;
				CLANG_WARN_DIRECT_OBJC_ISA_USAGE = YES_ERROR;
				CLANG_WARN_DOCUMENTATION_COMMENTS = YES;
				CLANG_WARN_EMPTY_BODY = YES;
				CLANG_WARN_ENUM_CONVERSION = YES;
				CLANG_WARN_INFINITE_RECURSION = YES;
				CLANG_WARN_INT_CONVERSION = YES;
				CLANG_WARN_NON_LITERAL_NULL_CONVERSION = YES;
				CLANG_WARN_OBJC_IMPLICIT_RETAIN_SELF = YES;
				CLANG_WARN_OBJC_LITERAL_CONVERSION = YES;
				CLANG_WARN_OBJC_ROOT_CLASS = YES_ERROR;
				CLANG_WARN_QUOTED_INCLUDE_IN_FRAMEWORK_HEADER = YES;
				CLANG_WARN_RANGE_LOOP_ANALYSIS = YES;
				CLANG_WARN_STRICT_PROTOTYPES = YES;
				CLANG_WARN_SUSPICIOUS_MOVE = YES;
				CLANG_WARN_UNGUARDED_AVAILABILITY = YES_AGGRESSIVE;
				CLANG_WARN_UNREACHABLE_CODE = YES;
				CLANG_WARN__DUPLICATE_METHOD_MATCH = YES;
				COPY_PHASE_STRIP = NO;
				DEBUG_INFORMATION_FORMAT = "dwarf-with-dsym";
				ENABLE_NS_ASSERTIONS = NO;
				ENABLE_STRICT_OBJC_MSGSEND = YES;
				GCC_C_LANGUAGE_STANDARD = gnu11;
				GCC_NO_COMMON_BLOCKS = YES;
				GCC_WARN_64_TO_32_BIT_CONVERSION = YES;
				GCC_WARN_ABOUT_RETURN_TYPE = YES_ERROR;
				GCC_WARN_UNDECLARED_SELECTOR = YES;
				GCC_WARN_UNINITIALIZED_AUTOS = YES_AGGRESSIVE;
				GCC_WARN_UNUSED_FUNCTION = YES;
				GCC_WARN_UNUSED_VARIABLE = YES;
				IPHONEOS_DEPLOYMENT_TARGET = 14.4;
				MTL_ENABLE_DEBUG_INFO = NO;
				MTL_FAST_MATH = YES;
				SDKROOT = iphoneos;
				SWIFT_COMPILATION_MODE = wholemodule;
				SWIFT_OPTIMIZATION_LEVEL = "-O";
				VALIDATE_PRODUCT = YES;
			};
			name = Release;
		};
		49F4EE472619EADF00EFEBDE /* Debug */ = {
			isa = XCBuildConfiguration;
			buildSettings = {
				ASSETCATALOG_COMPILER_APPICON_NAME = AppIcon;
				ASSETCATALOG_COMPILER_GLOBAL_ACCENT_COLOR_NAME = AccentColor;
				CODE_SIGN_STYLE = Automatic;
				DEVELOPMENT_TEAM = 7M45YMPC23;
				INFOPLIST_FILE = "$(SRCROOT)/LoginApp/Supporting/Info.plist";
				LD_RUNPATH_SEARCH_PATHS = (
					"$(inherited)",
					"@executable_path/Frameworks",
				);
				PRODUCT_BUNDLE_IDENTIFIER = QW.LoginApp;
				PRODUCT_NAME = "$(TARGET_NAME)";
				SWIFT_VERSION = 5.0;
				TARGETED_DEVICE_FAMILY = "1,2";
			};
			name = Debug;
		};
		49F4EE482619EADF00EFEBDE /* Release */ = {
			isa = XCBuildConfiguration;
			buildSettings = {
				ASSETCATALOG_COMPILER_APPICON_NAME = AppIcon;
				ASSETCATALOG_COMPILER_GLOBAL_ACCENT_COLOR_NAME = AccentColor;
				CODE_SIGN_STYLE = Automatic;
				DEVELOPMENT_TEAM = 7M45YMPC23;
				INFOPLIST_FILE = "$(SRCROOT)/LoginApp/Supporting/Info.plist";
				LD_RUNPATH_SEARCH_PATHS = (
					"$(inherited)",
					"@executable_path/Frameworks",
				);
				PRODUCT_BUNDLE_IDENTIFIER = QW.LoginApp;
				PRODUCT_NAME = "$(TARGET_NAME)";
				SWIFT_VERSION = 5.0;
				TARGETED_DEVICE_FAMILY = "1,2";
			};
			name = Release;
		};
/* End XCBuildConfiguration section */

/* Begin XCConfigurationList section */
		49F4EE2D2619EADD00EFEBDE /* Build configuration list for PBXProject "LoginApp" */ = {
			isa = XCConfigurationList;
			buildConfigurations = (
				49F4EE442619EADF00EFEBDE /* Debug */,
				49F4EE452619EADF00EFEBDE /* Release */,
			);
			defaultConfigurationIsVisible = 0;
			defaultConfigurationName = Release;
		};
		49F4EE462619EADF00EFEBDE /* Build configuration list for PBXNativeTarget "HomeWork 2.4" */ = {
			isa = XCConfigurationList;
			buildConfigurations = (
				49F4EE472619EADF00EFEBDE /* Debug */,
				49F4EE482619EADF00EFEBDE /* Release */,
			);
			defaultConfigurationIsVisible = 0;
			defaultConfigurationName = Release;
		};
/* End XCConfigurationList section */
	};
	rootObject = 49F4EE2A2619EADD00EFEBDE /* Project object */;
}
